{
    "_readme": [
        "This file locks the dependencies of your project to a known state",
        "Read more about it at https://getcomposer.org/doc/01-basic-usage.md#composer-lock-the-lock-file",
        "This file is @generated automatically"
    ],
    "hash": "9593e00ce1ddf7eeb05b920a6e90a0ef",
    "content-hash": "973ef80468cf2551d71d795019eb0f45",
    "packages": [
        {
            "name": "adodb/adodb-php",
            "version": "v5.20.2",
            "source": {
                "type": "git",
                "url": "https://github.com/ADOdb/ADOdb.git",
                "reference": "17979685639d642791c546202ebe3f03d6b0a7d7"
            },
            "dist": {
                "type": "zip",
                "url": "https://api.github.com/repos/ADOdb/ADOdb/zipball/17979685639d642791c546202ebe3f03d6b0a7d7",
                "reference": "17979685639d642791c546202ebe3f03d6b0a7d7",
                "shasum": ""
            },
            "require": {
                "php": ">=5.3.2"
            },
            "type": "library",
            "autoload": {
                "files": [
                    "adodb.inc.php"
                ]
            },
            "notification-url": "https://packagist.org/downloads/",
            "license": [
                "BSD-3-Clause",
                "LGPL-2.1"
            ],
            "authors": [
                {
                    "name": "John Lim",
                    "email": "jlim@natsoft.com",
                    "role": "Author"
                },
                {
                    "name": "Damien Regad",
                    "role": "Current maintainer"
                },
                {
                    "name": "Mark Newnham",
                    "role": "Developer"
                }
            ],
            "description": "ADOdb is a PHP database abstraction layer library",
            "homepage": "http://adodb.sourceforge.net/",
            "keywords": [
                "abstraction",
                "database",
                "layer",
                "library",
                "php"
            ],
            "time": "2015-12-27 15:22:27"
        },
        {
            "name": "smarty/smarty",
            "version": "v2.6.29",
            "source": {
                "type": "git",
                "url": "https://github.com/smarty-php/smarty.git",
                "reference": "47fa66cdcf0bde5c44923fb0e15dd0921f8d3a83"
            },
            "dist": {
                "type": "zip",
                "url": "https://api.github.com/repos/smarty-php/smarty/zipball/47fa66cdcf0bde5c44923fb0e15dd0921f8d3a83",
                "reference": "47fa66cdcf0bde5c44923fb0e15dd0921f8d3a83",
                "shasum": ""
            },
            "require": {
                "php": ">=5.2"
            },
            "type": "library",
            "extra": {
                "branch-alias": {
                    "dev-master": "2.6.x-dev"
                }
            },
            "autoload": {
                "classmap": [
                    "libs/Smarty.class.php",
                    "libs/Smarty_Compiler.class.php",
                    "libs/Config_File.class.php"
                ]
            },
            "notification-url": "https://packagist.org/downloads/",
            "license": [
                "LGPL-3.0"
            ],
            "authors": [
                {
                    "name": "Monte Ohrt",
                    "email": "monte@ohrt.com"
                },
                {
                    "name": "Uwe Tews",
                    "email": "uwe.tews@googlemail.com"
                }
            ],
            "description": "Smarty - the compiling PHP template engine",
            "homepage": "http://www.smarty.net",
            "keywords": [
                "templating"
            ],
            "time": "2015-06-21 13:10:14"
        }
    ],
    "packages-dev": [],
    "aliases": [],
    "minimum-stability": "stable",
    "stability-flags": [],
    "prefer-stable": false,
    "prefer-lowest": false,
    "platform": [],
    "platform-dev": []
}
