{
    "_readme": [
        "This file locks the dependencies of your project to a known state",
        "Read more about it at https://getcomposer.org/doc/01-basic-usage.md#composer-lock-the-lock-file",
        "This file is @generated automatically"
    ],
    "hash": "87b27ee5b32dd7c2ab885648e0719849",
    "content-hash": "2af2abe6ffeea92b8ba1d29f10b3197a",
    "packages": [
        {
            "name": "phpmyadmin/phpmyadmin",
            "version": "4.5.4.1",
            "dist": {
                "type": "zip",
                "url": "https://files.phpmyadmin.net/phpMyAdmin/4.5.4.1/phpMyAdmin-4.5.4.1-all-languages.zip",
                "reference": null,
                "shasum": null
            },
            "type": "library"
        }
    ],
    "packages-dev": [],
    "aliases": [],
    "minimum-stability": "stable",
    "stability-flags": [],
    "prefer-stable": false,
    "prefer-lowest": false,
    "platform": [],
    "platform-dev": []
}
