{
    "name": "ccdaservice",
    "version": "6.0.0",
    "lockfileVersion": 2,
    "requires": true,
    "packages": {
        "": {
            "name": "ccdaservice",
            "version": "6.0.0",
            "license": "GPL-3.0",
            "dependencies": {
                "file": "./oe-blue-button-generate",
                "lodash": "4.17.21",
                "net": "1.0.2",
                "xmljson": "0.2.0"
            },
            "devDependencies": {}
        },
        "node_modules/file": {
            "resolved": "oe-blue-button-generate",
            "link": true
        },
        "node_modules/lodash": {
            "version": "4.17.21",
            "resolved": "https://registry.npmjs.org/lodash/-/lodash-4.17.21.tgz",
            "integrity": "sha512-v2kDEe57lecTulaDIuNTPy3Ry4gLGJ6Z1O3vE1krgXZNrsQ+LFTGHVxVjcXPs17LhbZVGedAJv8XZ1tvj5FvSg=="
        },
        "node_modules/net": {
            "version": "1.0.2",
            "resolved": "https://registry.npmjs.org/net/-/net-1.0.2.tgz",
            "integrity": "sha1-0XV+yaf7I3HYPPR1XOPifhCCk4g="
        },
        "node_modules/sax": {
            "version": "0.5.8",
            "resolved": "https://registry.npmjs.org/sax/-/sax-0.5.8.tgz",
            "integrity": "sha1-1HLbIo6zMcJQaw6MFVJK25OdEsE="
        },
        "node_modules/xml2js": {
            "version": "0.2.8",
            "resolved": "https://registry.npmjs.org/xml2js/-/xml2js-0.2.8.tgz",
            "integrity": "sha1-m4FpCTFjH/CdGVdUn69U9PmAs8I=",
            "dependencies": {
                "sax": "0.5.x"
            }
        },
        "node_modules/xmlbuilder": {
            "version": "0.4.3",
            "resolved": "https://registry.npmjs.org/xmlbuilder/-/xmlbuilder-0.4.3.tgz",
            "integrity": "sha1-xGFLp04K0ZbmCcknLNnh3bKKilg=",
            "engines": {
                "node": ">=0.2.0"
            }
        },
        "node_modules/xmljson": {
            "version": "0.2.0",
            "resolved": "https://registry.npmjs.org/xmljson/-/xmljson-0.2.0.tgz",
            "integrity": "sha1-4tEh0TxoLGlk9q6cGgvoo8zohmw=",
            "dependencies": {
                "xml2js": "~0.2.6",
                "xmlbuilder": "~0.4.2"
            },
            "engines": {
                "node": ">= 0.8.0"
            }
        },
        "oe-blue-button-generate": {
            "name": "oe-blue-button-generate",
            "version": "1.5.10",
            "bundleDependencies": [
                "libxmljs2",
                "moment",
                "uuid"
            ],
            "license": "Apache-2.0",
            "dependencies": {
                "libxmljs2": "0.26.6",
                "moment": "~2.19.3",
                "uuid": "^2.0.1"
            },
            "devDependencies": {},
            "engines": {
                "node": ">= 0.10.0"
            }
        }
    },
    "dependencies": {
        "file": {
            "version": "file:oe-blue-button-generate",
            "requires": {
                "libxmljs2": "0.26.6",
                "moment": "~2.19.3",
                "uuid": "^2.0.1"
            }
        },
        "lodash": {
            "version": "4.17.21",
            "resolved": "https://registry.npmjs.org/lodash/-/lodash-4.17.21.tgz",
            "integrity": "sha512-v2kDEe57lecTulaDIuNTPy3Ry4gLGJ6Z1O3vE1krgXZNrsQ+LFTGHVxVjcXPs17LhbZVGedAJv8XZ1tvj5FvSg=="
        },
        "net": {
            "version": "1.0.2",
            "resolved": "https://registry.npmjs.org/net/-/net-1.0.2.tgz",
            "integrity": "sha1-0XV+yaf7I3HYPPR1XOPifhCCk4g="
        },
        "sax": {
            "version": "0.5.8",
            "resolved": "https://registry.npmjs.org/sax/-/sax-0.5.8.tgz",
            "integrity": "sha1-1HLbIo6zMcJQaw6MFVJK25OdEsE="
        },
        "xml2js": {
            "version": "0.2.8",
            "resolved": "https://registry.npmjs.org/xml2js/-/xml2js-0.2.8.tgz",
            "integrity": "sha1-m4FpCTFjH/CdGVdUn69U9PmAs8I=",
            "requires": {
                "sax": "0.5.x"
            }
        },
        "xmlbuilder": {
            "version": "0.4.3",
            "resolved": "https://registry.npmjs.org/xmlbuilder/-/xmlbuilder-0.4.3.tgz",
            "integrity": "sha1-xGFLp04K0ZbmCcknLNnh3bKKilg="
        },
        "xmljson": {
            "version": "0.2.0",
            "resolved": "https://registry.npmjs.org/xmljson/-/xmljson-0.2.0.tgz",
            "integrity": "sha1-4tEh0TxoLGlk9q6cGgvoo8zohmw=",
            "requires": {
                "xml2js": "~0.2.6",
                "xmlbuilder": "~0.4.2"
            }
        }
    }
}
